
Microsoft Visual Studio Solution File, Format Version 12.00
# Visual Studio Version 17
VisualStudioVersion = 17.7.34031.279
MinimumVisualStudioVersion = 10.0.40219.1
Project("{FAE04EC0-301F-11D3-BF4B-00C04F79EFBC}") = "closeto100", "closeto100\closeto100.csproj", "{F186DB3B-A4D4-42B4-8FB1-9C0D8346FFDF}"
EndProject
Global
	GlobalSection(SolutionConfigurationPlatforms) = preSolution
		Debug|Any CPU = Debug|Any CPU
		Release|Any CPU = Release|Any CPU
	EndGlobalSection
	GlobalSection(ProjectConfigurationPlatforms) = postSolution
		{F186DB3B-A4D4-42B4-8FB1-9C0D8346FFDF}.Debug|Any CPU.ActiveCfg = Debug|Any CPU
		{F186DB3B-A4D4-42B4-8FB1-9C0D8346FFDF}.Debug|Any CPU.Build.0 = Debug|Any CPU
		{F186DB3B-A4D4-42B4-8FB1-9C0D8346FFDF}.Release|Any CPU.ActiveCfg = Release|Any CPU
		{F186DB3B-A4D4-42B4-8FB1-9C0D8346FFDF}.Release|Any CPU.Build.0 = Release|Any CPU
	EndGlobalSection
	GlobalSection(SolutionProperties) = preSolution
		HideSolutionNode = FALSE
	EndGlobalSection
	GlobalSection(ExtensibilityGlobals) = postSolution
		SolutionGuid = {5781DD24-3808-4AFA-B693-7956C79A6AFC}
	EndGlobalSection
EndGlobal
