
Microsoft Visual Studio Solution File, Format Version 12.00
# Visual Studio Version 17
VisualStudioVersion = 17.7.34031.279
MinimumVisualStudioVersion = 10.0.40219.1
Project("{FAE04EC0-301F-11D3-BF4B-00C04F79EFBC}") = "SumOfEven", "SumOfEven\SumOfEven.csproj", "{F56B6616-F99A-4D0B-A091-927ABCC991EC}"
EndProject
Global
	GlobalSection(SolutionConfigurationPlatforms) = preSolution
		Debug|Any CPU = Debug|Any CPU
		Release|Any CPU = Release|Any CPU
	EndGlobalSection
	GlobalSection(ProjectConfigurationPlatforms) = postSolution
		{F56B6616-F99A-4D0B-A091-927ABCC991EC}.Debug|Any CPU.ActiveCfg = Debug|Any CPU
		{F56B6616-F99A-4D0B-A091-927ABCC991EC}.Debug|Any CPU.Build.0 = Debug|Any CPU
		{F56B6616-F99A-4D0B-A091-927ABCC991EC}.Release|Any CPU.ActiveCfg = Release|Any CPU
		{F56B6616-F99A-4D0B-A091-927ABCC991EC}.Release|Any CPU.Build.0 = Release|Any CPU
	EndGlobalSection
	GlobalSection(SolutionProperties) = preSolution
		HideSolutionNode = FALSE
	EndGlobalSection
	GlobalSection(ExtensibilityGlobals) = postSolution
		SolutionGuid = {3B1D7E8F-634D-4951-90CA-5607B7B1E93E}
	EndGlobalSection
EndGlobal
