
Microsoft Visual Studio Solution File, Format Version 12.00
# Visual Studio Version 17
VisualStudioVersion = 17.7.34031.279
MinimumVisualStudioVersion = 10.0.40219.1
Project("{FAE04EC0-301F-11D3-BF4B-00C04F79EFBC}") = "array1", "array1\array1.csproj", "{5C5E9FCF-82A5-42B1-84A0-444B5833D695}"
EndProject
Global
	GlobalSection(SolutionConfigurationPlatforms) = preSolution
		Debug|Any CPU = Debug|Any CPU
		Release|Any CPU = Release|Any CPU
	EndGlobalSection
	GlobalSection(ProjectConfigurationPlatforms) = postSolution
		{5C5E9FCF-82A5-42B1-84A0-444B5833D695}.Debug|Any CPU.ActiveCfg = Debug|Any CPU
		{5C5E9FCF-82A5-42B1-84A0-444B5833D695}.Debug|Any CPU.Build.0 = Debug|Any CPU
		{5C5E9FCF-82A5-42B1-84A0-444B5833D695}.Release|Any CPU.ActiveCfg = Release|Any CPU
		{5C5E9FCF-82A5-42B1-84A0-444B5833D695}.Release|Any CPU.Build.0 = Release|Any CPU
	EndGlobalSection
	GlobalSection(SolutionProperties) = preSolution
		HideSolutionNode = FALSE
	EndGlobalSection
	GlobalSection(ExtensibilityGlobals) = postSolution
		SolutionGuid = {BAF7C503-14CB-4C55-8E49-762C812CD31B}
	EndGlobalSection
EndGlobal
